
Microsoft Visual Studio Solution File, Format Version 12.00
# Visual Studio 2013
VisualStudioVersion = 12.0.30723.0
MinimumVisualStudioVersion = 10.0.40219.1
Project("{8BC9CEB8-8B4A-11D0-8D11-00A0C91BC942}") = "Fem", "FemVS\FemVS.vcxproj", "{6B8A5BC8-5CB9-4922-8018-FA33905014E1}"
EndProject
Project("{8BC9CEB8-8B4A-11D0-8D11-00A0C91BC942}") = "gtest", "gtest\gtest.vcxproj", "{F5ECC78E-7E81-464E-B0C1-C3331C459BDC}"
EndProject
Project("{8BC9CEB8-8B4A-11D0-8D11-00A0C91BC942}") = "gtest_cui", "gtest_cui\gtest_cui.vcxproj", "{97D638E3-C935-4E85-A0B0-61C0CF75C503}"
EndProject
Project("{8BC9CEB8-8B4A-11D0-8D11-00A0C91BC942}") = "FemBase", "FemBase\FemBase.vcxproj", "{B0A2BBFB-632A-4CA6-94CA-0F675AC8D787}"
EndProject
Global
	GlobalSection(SolutionConfigurationPlatforms) = preSolution
		Debug|Win32 = Debug|Win32
		Debug|x64 = Debug|x64
		Release|Win32 = Release|Win32
		Release|x64 = Release|x64
	EndGlobalSection
	GlobalSection(ProjectConfigurationPlatforms) = postSolution
		{6B8A5BC8-5CB9-4922-8018-FA33905014E1}.Debug|Win32.ActiveCfg = Debug|Win32
		{6B8A5BC8-5CB9-4922-8018-FA33905014E1}.Debug|Win32.Build.0 = Debug|Win32
		{6B8A5BC8-5CB9-4922-8018-FA33905014E1}.Debug|x64.ActiveCfg = Debug|x64
		{6B8A5BC8-5CB9-4922-8018-FA33905014E1}.Debug|x64.Build.0 = Debug|x64
		{6B8A5BC8-5CB9-4922-8018-FA33905014E1}.Release|Win32.ActiveCfg = Release|Win32
		{6B8A5BC8-5CB9-4922-8018-FA33905014E1}.Release|Win32.Build.0 = Release|Win32
		{6B8A5BC8-5CB9-4922-8018-FA33905014E1}.Release|x64.ActiveCfg = Release|x64
		{6B8A5BC8-5CB9-4922-8018-FA33905014E1}.Release|x64.Build.0 = Release|x64
		{F5ECC78E-7E81-464E-B0C1-C3331C459BDC}.Debug|Win32.ActiveCfg = Debug|Win32
		{F5ECC78E-7E81-464E-B0C1-C3331C459BDC}.Debug|Win32.Build.0 = Debug|Win32
		{F5ECC78E-7E81-464E-B0C1-C3331C459BDC}.Debug|x64.ActiveCfg = Debug|x64
		{F5ECC78E-7E81-464E-B0C1-C3331C459BDC}.Debug|x64.Build.0 = Debug|x64
		{F5ECC78E-7E81-464E-B0C1-C3331C459BDC}.Release|Win32.ActiveCfg = Release|Win32
		{F5ECC78E-7E81-464E-B0C1-C3331C459BDC}.Release|Win32.Build.0 = Release|Win32
		{F5ECC78E-7E81-464E-B0C1-C3331C459BDC}.Release|x64.ActiveCfg = Release|x64
		{F5ECC78E-7E81-464E-B0C1-C3331C459BDC}.Release|x64.Build.0 = Release|x64
		{97D638E3-C935-4E85-A0B0-61C0CF75C503}.Debug|Win32.ActiveCfg = Debug|Win32
		{97D638E3-C935-4E85-A0B0-61C0CF75C503}.Debug|Win32.Build.0 = Debug|Win32
		{97D638E3-C935-4E85-A0B0-61C0CF75C503}.Debug|x64.ActiveCfg = Debug|Win32
		{97D638E3-C935-4E85-A0B0-61C0CF75C503}.Release|Win32.ActiveCfg = Release|Win32
		{97D638E3-C935-4E85-A0B0-61C0CF75C503}.Release|Win32.Build.0 = Release|Win32
		{97D638E3-C935-4E85-A0B0-61C0CF75C503}.Release|x64.ActiveCfg = Release|Win32
		{B0A2BBFB-632A-4CA6-94CA-0F675AC8D787}.Debug|Win32.ActiveCfg = Debug|Win32
		{B0A2BBFB-632A-4CA6-94CA-0F675AC8D787}.Debug|Win32.Build.0 = Debug|Win32
		{B0A2BBFB-632A-4CA6-94CA-0F675AC8D787}.Debug|x64.ActiveCfg = Debug|x64
		{B0A2BBFB-632A-4CA6-94CA-0F675AC8D787}.Debug|x64.Build.0 = Debug|x64
		{B0A2BBFB-632A-4CA6-94CA-0F675AC8D787}.Release|Win32.ActiveCfg = Release|Win32
		{B0A2BBFB-632A-4CA6-94CA-0F675AC8D787}.Release|Win32.Build.0 = Release|Win32
		{B0A2BBFB-632A-4CA6-94CA-0F675AC8D787}.Release|x64.ActiveCfg = Release|x64
		{B0A2BBFB-632A-4CA6-94CA-0F675AC8D787}.Release|x64.Build.0 = Release|x64
	EndGlobalSection
	GlobalSection(SolutionProperties) = preSolution
		HideSolutionNode = FALSE
	EndGlobalSection
EndGlobal
